
Microsoft Visual Studio Solution File, Format Version 12.00
# Visual Studio 15
VisualStudioVersion = 15.0.26730.8
MinimumVisualStudioVersion = 10.0.40219.1
Project("{8BC9CEB8-8B4A-11D0-8D11-00A0C91BC942}") = "infected_bunnies", "infected_bunnies\infected_bunnies.vcxproj", "{332B881F-E8A7-4F8F-BB25-57E73C4F8D9E}"
EndProject
Global
	GlobalSection(SolutionConfigurationPlatforms) = preSolution
		Debug|x64 = Debug|x64
		Debug|x86 = Debug|x86
		Release|x64 = Release|x64
		Release|x86 = Release|x86
	EndGlobalSection
	GlobalSection(ProjectConfigurationPlatforms) = postSolution
		{332B881F-E8A7-4F8F-BB25-57E73C4F8D9E}.Debug|x64.ActiveCfg = Debug|x64
		{332B881F-E8A7-4F8F-BB25-57E73C4F8D9E}.Debug|x64.Build.0 = Debug|x64
		{332B881F-E8A7-4F8F-BB25-57E73C4F8D9E}.Debug|x86.ActiveCfg = Debug|Win32
		{332B881F-E8A7-4F8F-BB25-57E73C4F8D9E}.Debug|x86.Build.0 = Debug|Win32
		{332B881F-E8A7-4F8F-BB25-57E73C4F8D9E}.Release|x64.ActiveCfg = Release|x64
		{332B881F-E8A7-4F8F-BB25-57E73C4F8D9E}.Release|x64.Build.0 = Release|x64
		{332B881F-E8A7-4F8F-BB25-57E73C4F8D9E}.Release|x86.ActiveCfg = Release|Win32
		{332B881F-E8A7-4F8F-BB25-57E73C4F8D9E}.Release|x86.Build.0 = Release|Win32
	EndGlobalSection
	GlobalSection(SolutionProperties) = preSolution
		HideSolutionNode = FALSE
	EndGlobalSection
	GlobalSection(ExtensibilityGlobals) = postSolution
		SolutionGuid = {75C5EB40-77BC-4612-BC0A-1984EBB21CD4}
	EndGlobalSection
EndGlobal
